
Microsoft Visual Studio Solution File, Format Version 12.00
# Visual Studio Version 17
VisualStudioVersion = 17.1.32328.378
MinimumVisualStudioVersion = 10.0.40219.1
Project("{FAE04EC0-301F-11D3-BF4B-00C04F79EFBC}") = "BAL", "BAL\BAL.csproj", "{D25F5DFB-A810-444D-A6A9-35E09628EC02}"
EndProject
Project("{FAE04EC0-301F-11D3-BF4B-00C04F79EFBC}") = "DAL", "DAL\DAL.csproj", "{7063EA16-63DF-4D80-B77E-3208AA31F631}"
EndProject
Project("{FAE04EC0-301F-11D3-BF4B-00C04F79EFBC}") = "ConsoleApp", "ConsoleApp\ConsoleApp.csproj", "{1A472E34-27D7-4AA9-B795-AF287FBABFC7}"
EndProject
Global
	GlobalSection(SolutionConfigurationPlatforms) = preSolution
		Debug|Any CPU = Debug|Any CPU
		Release|Any CPU = Release|Any CPU
	EndGlobalSection
	GlobalSection(ProjectConfigurationPlatforms) = postSolution
		{D25F5DFB-A810-444D-A6A9-35E09628EC02}.Debug|Any CPU.ActiveCfg = Debug|Any CPU
		{D25F5DFB-A810-444D-A6A9-35E09628EC02}.Debug|Any CPU.Build.0 = Debug|Any CPU
		{D25F5DFB-A810-444D-A6A9-35E09628EC02}.Release|Any CPU.ActiveCfg = Release|Any CPU
		{D25F5DFB-A810-444D-A6A9-35E09628EC02}.Release|Any CPU.Build.0 = Release|Any CPU
		{7063EA16-63DF-4D80-B77E-3208AA31F631}.Debug|Any CPU.ActiveCfg = Debug|Any CPU
		{7063EA16-63DF-4D80-B77E-3208AA31F631}.Debug|Any CPU.Build.0 = Debug|Any CPU
		{7063EA16-63DF-4D80-B77E-3208AA31F631}.Release|Any CPU.ActiveCfg = Release|Any CPU
		{7063EA16-63DF-4D80-B77E-3208AA31F631}.Release|Any CPU.Build.0 = Release|Any CPU
		{1A472E34-27D7-4AA9-B795-AF287FBABFC7}.Debug|Any CPU.ActiveCfg = Debug|Any CPU
		{1A472E34-27D7-4AA9-B795-AF287FBABFC7}.Debug|Any CPU.Build.0 = Debug|Any CPU
		{1A472E34-27D7-4AA9-B795-AF287FBABFC7}.Release|Any CPU.ActiveCfg = Release|Any CPU
		{1A472E34-27D7-4AA9-B795-AF287FBABFC7}.Release|Any CPU.Build.0 = Release|Any CPU
	EndGlobalSection
	GlobalSection(SolutionProperties) = preSolution
		HideSolutionNode = FALSE
	EndGlobalSection
	GlobalSection(ExtensibilityGlobals) = postSolution
		SolutionGuid = {28B3DDAE-70AA-4C73-87FF-49C59568047C}
	EndGlobalSection
EndGlobal
